
Microsoft Visual Studio Solution File, Format Version 12.00
# Visual Studio Version 16
VisualStudioVersion = 16.0.32228.343
MinimumVisualStudioVersion = 10.0.40219.1
Project("{FAE04EC0-301F-11D3-BF4B-00C04F79EFBC}") = "Ex03.GarageLogic", "B22 Ex03 Natali 318614906 Hila 207298894\Ex03.GarageLogic.csproj", "{7AE6888C-3695-4CEE-BFC4-1C0DEE8B4072}"
EndProject
Global
	GlobalSection(SolutionConfigurationPlatforms) = preSolution
		Debug|Any CPU = Debug|Any CPU
		Release|Any CPU = Release|Any CPU
	EndGlobalSection
	GlobalSection(ProjectConfigurationPlatforms) = postSolution
		{7AE6888C-3695-4CEE-BFC4-1C0DEE8B4072}.Debug|Any CPU.ActiveCfg = Debug|Any CPU
		{7AE6888C-3695-4CEE-BFC4-1C0DEE8B4072}.Debug|Any CPU.Build.0 = Debug|Any CPU
		{7AE6888C-3695-4CEE-BFC4-1C0DEE8B4072}.Release|Any CPU.ActiveCfg = Release|Any CPU
		{7AE6888C-3695-4CEE-BFC4-1C0DEE8B4072}.Release|Any CPU.Build.0 = Release|Any CPU
	EndGlobalSection
	GlobalSection(SolutionProperties) = preSolution
		HideSolutionNode = FALSE
	EndGlobalSection
	GlobalSection(ExtensibilityGlobals) = postSolution
		SolutionGuid = {61D9FD04-2A6D-4635-A6F9-B26A8FBB1243}
	EndGlobalSection
EndGlobal
